
Microsoft Visual Studio Solution File, Format Version 12.00
# Visual Studio 15
VisualStudioVersion = 15.0.26124.0
MinimumVisualStudioVersion = 15.0.26124.0
Project("{FAE04EC0-301F-11D3-BF4B-00C04F79EFBC}") = "TestCommon", "..\TestCommon\TestCommon.csproj", "{F72E5AC3-B34B-412C-944A-55ACB088653C}"
EndProject
Project("{FAE04EC0-301F-11D3-BF4B-00C04F79EFBC}") = "A4", "A4\A4.csproj", "{962775DD-28A7-4F1D-879D-0CCA3FC68897}"
EndProject
Project("{FAE04EC0-301F-11D3-BF4B-00C04F79EFBC}") = "A4.Tests", "A4.Tests\A4.Tests.csproj", "{BD8F3631-9CCC-4DD7-A04F-3E9E7CBE800F}"
EndProject
Global
	GlobalSection(SolutionConfigurationPlatforms) = preSolution
		Debug|Any CPU = Debug|Any CPU
		Debug|x64 = Debug|x64
		Debug|x86 = Debug|x86
		Release|Any CPU = Release|Any CPU
		Release|x64 = Release|x64
		Release|x86 = Release|x86
	EndGlobalSection
	GlobalSection(SolutionProperties) = preSolution
		HideSolutionNode = FALSE
	EndGlobalSection
	GlobalSection(ProjectConfigurationPlatforms) = postSolution
		{F72E5AC3-B34B-412C-944A-55ACB088653C}.Debug|Any CPU.ActiveCfg = Debug|Any CPU
		{F72E5AC3-B34B-412C-944A-55ACB088653C}.Debug|Any CPU.Build.0 = Debug|Any CPU
		{F72E5AC3-B34B-412C-944A-55ACB088653C}.Debug|x64.ActiveCfg = Debug|Any CPU
		{F72E5AC3-B34B-412C-944A-55ACB088653C}.Debug|x64.Build.0 = Debug|Any CPU
		{F72E5AC3-B34B-412C-944A-55ACB088653C}.Debug|x86.ActiveCfg = Debug|Any CPU
		{F72E5AC3-B34B-412C-944A-55ACB088653C}.Debug|x86.Build.0 = Debug|Any CPU
		{F72E5AC3-B34B-412C-944A-55ACB088653C}.Release|Any CPU.ActiveCfg = Release|Any CPU
		{F72E5AC3-B34B-412C-944A-55ACB088653C}.Release|Any CPU.Build.0 = Release|Any CPU
		{F72E5AC3-B34B-412C-944A-55ACB088653C}.Release|x64.ActiveCfg = Release|Any CPU
		{F72E5AC3-B34B-412C-944A-55ACB088653C}.Release|x64.Build.0 = Release|Any CPU
		{F72E5AC3-B34B-412C-944A-55ACB088653C}.Release|x86.ActiveCfg = Release|Any CPU
		{F72E5AC3-B34B-412C-944A-55ACB088653C}.Release|x86.Build.0 = Release|Any CPU
		{962775DD-28A7-4F1D-879D-0CCA3FC68897}.Debug|Any CPU.ActiveCfg = Debug|Any CPU
		{962775DD-28A7-4F1D-879D-0CCA3FC68897}.Debug|Any CPU.Build.0 = Debug|Any CPU
		{962775DD-28A7-4F1D-879D-0CCA3FC68897}.Debug|x64.ActiveCfg = Debug|Any CPU
		{962775DD-28A7-4F1D-879D-0CCA3FC68897}.Debug|x64.Build.0 = Debug|Any CPU
		{962775DD-28A7-4F1D-879D-0CCA3FC68897}.Debug|x86.ActiveCfg = Debug|Any CPU
		{962775DD-28A7-4F1D-879D-0CCA3FC68897}.Debug|x86.Build.0 = Debug|Any CPU
		{962775DD-28A7-4F1D-879D-0CCA3FC68897}.Release|Any CPU.ActiveCfg = Release|Any CPU
		{962775DD-28A7-4F1D-879D-0CCA3FC68897}.Release|Any CPU.Build.0 = Release|Any CPU
		{962775DD-28A7-4F1D-879D-0CCA3FC68897}.Release|x64.ActiveCfg = Release|Any CPU
		{962775DD-28A7-4F1D-879D-0CCA3FC68897}.Release|x64.Build.0 = Release|Any CPU
		{962775DD-28A7-4F1D-879D-0CCA3FC68897}.Release|x86.ActiveCfg = Release|Any CPU
		{962775DD-28A7-4F1D-879D-0CCA3FC68897}.Release|x86.Build.0 = Release|Any CPU
		{BD8F3631-9CCC-4DD7-A04F-3E9E7CBE800F}.Debug|Any CPU.ActiveCfg = Debug|Any CPU
		{BD8F3631-9CCC-4DD7-A04F-3E9E7CBE800F}.Debug|Any CPU.Build.0 = Debug|Any CPU
		{BD8F3631-9CCC-4DD7-A04F-3E9E7CBE800F}.Debug|x64.ActiveCfg = Debug|Any CPU
		{BD8F3631-9CCC-4DD7-A04F-3E9E7CBE800F}.Debug|x64.Build.0 = Debug|Any CPU
		{BD8F3631-9CCC-4DD7-A04F-3E9E7CBE800F}.Debug|x86.ActiveCfg = Debug|Any CPU
		{BD8F3631-9CCC-4DD7-A04F-3E9E7CBE800F}.Debug|x86.Build.0 = Debug|Any CPU
		{BD8F3631-9CCC-4DD7-A04F-3E9E7CBE800F}.Release|Any CPU.ActiveCfg = Release|Any CPU
		{BD8F3631-9CCC-4DD7-A04F-3E9E7CBE800F}.Release|Any CPU.Build.0 = Release|Any CPU
		{BD8F3631-9CCC-4DD7-A04F-3E9E7CBE800F}.Release|x64.ActiveCfg = Release|Any CPU
		{BD8F3631-9CCC-4DD7-A04F-3E9E7CBE800F}.Release|x64.Build.0 = Release|Any CPU
		{BD8F3631-9CCC-4DD7-A04F-3E9E7CBE800F}.Release|x86.ActiveCfg = Release|Any CPU
		{BD8F3631-9CCC-4DD7-A04F-3E9E7CBE800F}.Release|x86.Build.0 = Release|Any CPU
	EndGlobalSection
EndGlobal
