
Microsoft Visual Studio Solution File, Format Version 12.00
# Visual Studio 15
VisualStudioVersion = 15.0.26124.0
MinimumVisualStudioVersion = 15.0.26124.0
Project("{FAE04EC0-301F-11D3-BF4B-00C04F79EFBC}") = "TestCommon", "..\TestCommon\TestCommon.csproj", "{73327CED-848E-4020-85C4-3423D274D3DC}"
EndProject
Project("{FAE04EC0-301F-11D3-BF4B-00C04F79EFBC}") = "C9", "C9\C9.csproj", "{1003D41F-8A88-422A-895B-D6BF26D1CF52}"
EndProject
Project("{FAE04EC0-301F-11D3-BF4B-00C04F79EFBC}") = "C9.Tests", "C9.Tests\C9.Tests.csproj", "{B2C9C83E-F2AD-4CA8-BA60-5EF15AADFB83}"
EndProject
Global
	GlobalSection(SolutionConfigurationPlatforms) = preSolution
		Debug|Any CPU = Debug|Any CPU
		Debug|x64 = Debug|x64
		Debug|x86 = Debug|x86
		Release|Any CPU = Release|Any CPU
		Release|x64 = Release|x64
		Release|x86 = Release|x86
	EndGlobalSection
	GlobalSection(SolutionProperties) = preSolution
		HideSolutionNode = FALSE
	EndGlobalSection
	GlobalSection(ProjectConfigurationPlatforms) = postSolution
		{73327CED-848E-4020-85C4-3423D274D3DC}.Debug|Any CPU.ActiveCfg = Debug|Any CPU
		{73327CED-848E-4020-85C4-3423D274D3DC}.Debug|Any CPU.Build.0 = Debug|Any CPU
		{73327CED-848E-4020-85C4-3423D274D3DC}.Debug|x64.ActiveCfg = Debug|Any CPU
		{73327CED-848E-4020-85C4-3423D274D3DC}.Debug|x64.Build.0 = Debug|Any CPU
		{73327CED-848E-4020-85C4-3423D274D3DC}.Debug|x86.ActiveCfg = Debug|Any CPU
		{73327CED-848E-4020-85C4-3423D274D3DC}.Debug|x86.Build.0 = Debug|Any CPU
		{73327CED-848E-4020-85C4-3423D274D3DC}.Release|Any CPU.ActiveCfg = Release|Any CPU
		{73327CED-848E-4020-85C4-3423D274D3DC}.Release|Any CPU.Build.0 = Release|Any CPU
		{73327CED-848E-4020-85C4-3423D274D3DC}.Release|x64.ActiveCfg = Release|Any CPU
		{73327CED-848E-4020-85C4-3423D274D3DC}.Release|x64.Build.0 = Release|Any CPU
		{73327CED-848E-4020-85C4-3423D274D3DC}.Release|x86.ActiveCfg = Release|Any CPU
		{73327CED-848E-4020-85C4-3423D274D3DC}.Release|x86.Build.0 = Release|Any CPU
		{1003D41F-8A88-422A-895B-D6BF26D1CF52}.Debug|Any CPU.ActiveCfg = Debug|Any CPU
		{1003D41F-8A88-422A-895B-D6BF26D1CF52}.Debug|Any CPU.Build.0 = Debug|Any CPU
		{1003D41F-8A88-422A-895B-D6BF26D1CF52}.Debug|x64.ActiveCfg = Debug|Any CPU
		{1003D41F-8A88-422A-895B-D6BF26D1CF52}.Debug|x64.Build.0 = Debug|Any CPU
		{1003D41F-8A88-422A-895B-D6BF26D1CF52}.Debug|x86.ActiveCfg = Debug|Any CPU
		{1003D41F-8A88-422A-895B-D6BF26D1CF52}.Debug|x86.Build.0 = Debug|Any CPU
		{1003D41F-8A88-422A-895B-D6BF26D1CF52}.Release|Any CPU.ActiveCfg = Release|Any CPU
		{1003D41F-8A88-422A-895B-D6BF26D1CF52}.Release|Any CPU.Build.0 = Release|Any CPU
		{1003D41F-8A88-422A-895B-D6BF26D1CF52}.Release|x64.ActiveCfg = Release|Any CPU
		{1003D41F-8A88-422A-895B-D6BF26D1CF52}.Release|x64.Build.0 = Release|Any CPU
		{1003D41F-8A88-422A-895B-D6BF26D1CF52}.Release|x86.ActiveCfg = Release|Any CPU
		{1003D41F-8A88-422A-895B-D6BF26D1CF52}.Release|x86.Build.0 = Release|Any CPU
		{B2C9C83E-F2AD-4CA8-BA60-5EF15AADFB83}.Debug|Any CPU.ActiveCfg = Debug|Any CPU
		{B2C9C83E-F2AD-4CA8-BA60-5EF15AADFB83}.Debug|Any CPU.Build.0 = Debug|Any CPU
		{B2C9C83E-F2AD-4CA8-BA60-5EF15AADFB83}.Debug|x64.ActiveCfg = Debug|Any CPU
		{B2C9C83E-F2AD-4CA8-BA60-5EF15AADFB83}.Debug|x64.Build.0 = Debug|Any CPU
		{B2C9C83E-F2AD-4CA8-BA60-5EF15AADFB83}.Debug|x86.ActiveCfg = Debug|Any CPU
		{B2C9C83E-F2AD-4CA8-BA60-5EF15AADFB83}.Debug|x86.Build.0 = Debug|Any CPU
		{B2C9C83E-F2AD-4CA8-BA60-5EF15AADFB83}.Release|Any CPU.ActiveCfg = Release|Any CPU
		{B2C9C83E-F2AD-4CA8-BA60-5EF15AADFB83}.Release|Any CPU.Build.0 = Release|Any CPU
		{B2C9C83E-F2AD-4CA8-BA60-5EF15AADFB83}.Release|x64.ActiveCfg = Release|Any CPU
		{B2C9C83E-F2AD-4CA8-BA60-5EF15AADFB83}.Release|x64.Build.0 = Release|Any CPU
		{B2C9C83E-F2AD-4CA8-BA60-5EF15AADFB83}.Release|x86.ActiveCfg = Release|Any CPU
		{B2C9C83E-F2AD-4CA8-BA60-5EF15AADFB83}.Release|x86.Build.0 = Release|Any CPU
	EndGlobalSection
EndGlobal
