
Microsoft Visual Studio Solution File, Format Version 12.00
# Visual Studio 15
VisualStudioVersion = 15.0.26124.0
MinimumVisualStudioVersion = 15.0.26124.0
Project("{FAE04EC0-301F-11D3-BF4B-00C04F79EFBC}") = "TestCommon", "..\TestCommon\TestCommon.csproj", "{B19629D3-EBA5-413A-8DCB-567BAD21795A}"
EndProject
Project("{FAE04EC0-301F-11D3-BF4B-00C04F79EFBC}") = "A2", "A2\A2.csproj", "{1091AF92-0348-4891-BA0D-A4676D26E82C}"
EndProject
Project("{FAE04EC0-301F-11D3-BF4B-00C04F79EFBC}") = "A2.Tests", "A2.Tests\A2.Tests.csproj", "{B8032CA9-6623-4ACA-908A-FCC68DF0CB18}"
EndProject
Global
	GlobalSection(SolutionConfigurationPlatforms) = preSolution
		Debug|Any CPU = Debug|Any CPU
		Debug|x64 = Debug|x64
		Debug|x86 = Debug|x86
		Release|Any CPU = Release|Any CPU
		Release|x64 = Release|x64
		Release|x86 = Release|x86
	EndGlobalSection
	GlobalSection(SolutionProperties) = preSolution
		HideSolutionNode = FALSE
	EndGlobalSection
	GlobalSection(ProjectConfigurationPlatforms) = postSolution
		{B19629D3-EBA5-413A-8DCB-567BAD21795A}.Debug|Any CPU.ActiveCfg = Debug|Any CPU
		{B19629D3-EBA5-413A-8DCB-567BAD21795A}.Debug|Any CPU.Build.0 = Debug|Any CPU
		{B19629D3-EBA5-413A-8DCB-567BAD21795A}.Debug|x64.ActiveCfg = Debug|Any CPU
		{B19629D3-EBA5-413A-8DCB-567BAD21795A}.Debug|x64.Build.0 = Debug|Any CPU
		{B19629D3-EBA5-413A-8DCB-567BAD21795A}.Debug|x86.ActiveCfg = Debug|Any CPU
		{B19629D3-EBA5-413A-8DCB-567BAD21795A}.Debug|x86.Build.0 = Debug|Any CPU
		{B19629D3-EBA5-413A-8DCB-567BAD21795A}.Release|Any CPU.ActiveCfg = Release|Any CPU
		{B19629D3-EBA5-413A-8DCB-567BAD21795A}.Release|Any CPU.Build.0 = Release|Any CPU
		{B19629D3-EBA5-413A-8DCB-567BAD21795A}.Release|x64.ActiveCfg = Release|Any CPU
		{B19629D3-EBA5-413A-8DCB-567BAD21795A}.Release|x64.Build.0 = Release|Any CPU
		{B19629D3-EBA5-413A-8DCB-567BAD21795A}.Release|x86.ActiveCfg = Release|Any CPU
		{B19629D3-EBA5-413A-8DCB-567BAD21795A}.Release|x86.Build.0 = Release|Any CPU
		{1091AF92-0348-4891-BA0D-A4676D26E82C}.Debug|Any CPU.ActiveCfg = Debug|Any CPU
		{1091AF92-0348-4891-BA0D-A4676D26E82C}.Debug|Any CPU.Build.0 = Debug|Any CPU
		{1091AF92-0348-4891-BA0D-A4676D26E82C}.Debug|x64.ActiveCfg = Debug|Any CPU
		{1091AF92-0348-4891-BA0D-A4676D26E82C}.Debug|x64.Build.0 = Debug|Any CPU
		{1091AF92-0348-4891-BA0D-A4676D26E82C}.Debug|x86.ActiveCfg = Debug|Any CPU
		{1091AF92-0348-4891-BA0D-A4676D26E82C}.Debug|x86.Build.0 = Debug|Any CPU
		{1091AF92-0348-4891-BA0D-A4676D26E82C}.Release|Any CPU.ActiveCfg = Release|Any CPU
		{1091AF92-0348-4891-BA0D-A4676D26E82C}.Release|Any CPU.Build.0 = Release|Any CPU
		{1091AF92-0348-4891-BA0D-A4676D26E82C}.Release|x64.ActiveCfg = Release|Any CPU
		{1091AF92-0348-4891-BA0D-A4676D26E82C}.Release|x64.Build.0 = Release|Any CPU
		{1091AF92-0348-4891-BA0D-A4676D26E82C}.Release|x86.ActiveCfg = Release|Any CPU
		{1091AF92-0348-4891-BA0D-A4676D26E82C}.Release|x86.Build.0 = Release|Any CPU
		{B8032CA9-6623-4ACA-908A-FCC68DF0CB18}.Debug|Any CPU.ActiveCfg = Debug|Any CPU
		{B8032CA9-6623-4ACA-908A-FCC68DF0CB18}.Debug|Any CPU.Build.0 = Debug|Any CPU
		{B8032CA9-6623-4ACA-908A-FCC68DF0CB18}.Debug|x64.ActiveCfg = Debug|Any CPU
		{B8032CA9-6623-4ACA-908A-FCC68DF0CB18}.Debug|x64.Build.0 = Debug|Any CPU
		{B8032CA9-6623-4ACA-908A-FCC68DF0CB18}.Debug|x86.ActiveCfg = Debug|Any CPU
		{B8032CA9-6623-4ACA-908A-FCC68DF0CB18}.Debug|x86.Build.0 = Debug|Any CPU
		{B8032CA9-6623-4ACA-908A-FCC68DF0CB18}.Release|Any CPU.ActiveCfg = Release|Any CPU
		{B8032CA9-6623-4ACA-908A-FCC68DF0CB18}.Release|Any CPU.Build.0 = Release|Any CPU
		{B8032CA9-6623-4ACA-908A-FCC68DF0CB18}.Release|x64.ActiveCfg = Release|Any CPU
		{B8032CA9-6623-4ACA-908A-FCC68DF0CB18}.Release|x64.Build.0 = Release|Any CPU
		{B8032CA9-6623-4ACA-908A-FCC68DF0CB18}.Release|x86.ActiveCfg = Release|Any CPU
		{B8032CA9-6623-4ACA-908A-FCC68DF0CB18}.Release|x86.Build.0 = Release|Any CPU
	EndGlobalSection
EndGlobal
