
Microsoft Visual Studio Solution File, Format Version 12.00
# Visual Studio 15
VisualStudioVersion = 15.0.26124.0
MinimumVisualStudioVersion = 15.0.26124.0
Project("{FAE04EC0-301F-11D3-BF4B-00C04F79EFBC}") = "TestCommon", "..\TestCommon\TestCommon.csproj", "{09913725-D326-4746-8C0A-B298E6DECA00}"
EndProject
Project("{FAE04EC0-301F-11D3-BF4B-00C04F79EFBC}") = "A5", "A5\A5.csproj", "{69B92A07-F64E-4AFC-BF46-2897D9CE8E1D}"
EndProject
Project("{FAE04EC0-301F-11D3-BF4B-00C04F79EFBC}") = "A5.Tests", "A5.Tests\A5.Tests.csproj", "{4FA66EE1-CE7D-4DA2-ABC9-4DBC6A33E16C}"
EndProject
Global
	GlobalSection(SolutionConfigurationPlatforms) = preSolution
		Debug|Any CPU = Debug|Any CPU
		Debug|x64 = Debug|x64
		Debug|x86 = Debug|x86
		Release|Any CPU = Release|Any CPU
		Release|x64 = Release|x64
		Release|x86 = Release|x86
	EndGlobalSection
	GlobalSection(SolutionProperties) = preSolution
		HideSolutionNode = FALSE
	EndGlobalSection
	GlobalSection(ProjectConfigurationPlatforms) = postSolution
		{09913725-D326-4746-8C0A-B298E6DECA00}.Debug|Any CPU.ActiveCfg = Debug|Any CPU
		{09913725-D326-4746-8C0A-B298E6DECA00}.Debug|Any CPU.Build.0 = Debug|Any CPU
		{09913725-D326-4746-8C0A-B298E6DECA00}.Debug|x64.ActiveCfg = Debug|Any CPU
		{09913725-D326-4746-8C0A-B298E6DECA00}.Debug|x64.Build.0 = Debug|Any CPU
		{09913725-D326-4746-8C0A-B298E6DECA00}.Debug|x86.ActiveCfg = Debug|Any CPU
		{09913725-D326-4746-8C0A-B298E6DECA00}.Debug|x86.Build.0 = Debug|Any CPU
		{09913725-D326-4746-8C0A-B298E6DECA00}.Release|Any CPU.ActiveCfg = Release|Any CPU
		{09913725-D326-4746-8C0A-B298E6DECA00}.Release|Any CPU.Build.0 = Release|Any CPU
		{09913725-D326-4746-8C0A-B298E6DECA00}.Release|x64.ActiveCfg = Release|Any CPU
		{09913725-D326-4746-8C0A-B298E6DECA00}.Release|x64.Build.0 = Release|Any CPU
		{09913725-D326-4746-8C0A-B298E6DECA00}.Release|x86.ActiveCfg = Release|Any CPU
		{09913725-D326-4746-8C0A-B298E6DECA00}.Release|x86.Build.0 = Release|Any CPU
		{69B92A07-F64E-4AFC-BF46-2897D9CE8E1D}.Debug|Any CPU.ActiveCfg = Debug|Any CPU
		{69B92A07-F64E-4AFC-BF46-2897D9CE8E1D}.Debug|Any CPU.Build.0 = Debug|Any CPU
		{69B92A07-F64E-4AFC-BF46-2897D9CE8E1D}.Debug|x64.ActiveCfg = Debug|Any CPU
		{69B92A07-F64E-4AFC-BF46-2897D9CE8E1D}.Debug|x64.Build.0 = Debug|Any CPU
		{69B92A07-F64E-4AFC-BF46-2897D9CE8E1D}.Debug|x86.ActiveCfg = Debug|Any CPU
		{69B92A07-F64E-4AFC-BF46-2897D9CE8E1D}.Debug|x86.Build.0 = Debug|Any CPU
		{69B92A07-F64E-4AFC-BF46-2897D9CE8E1D}.Release|Any CPU.ActiveCfg = Release|Any CPU
		{69B92A07-F64E-4AFC-BF46-2897D9CE8E1D}.Release|Any CPU.Build.0 = Release|Any CPU
		{69B92A07-F64E-4AFC-BF46-2897D9CE8E1D}.Release|x64.ActiveCfg = Release|Any CPU
		{69B92A07-F64E-4AFC-BF46-2897D9CE8E1D}.Release|x64.Build.0 = Release|Any CPU
		{69B92A07-F64E-4AFC-BF46-2897D9CE8E1D}.Release|x86.ActiveCfg = Release|Any CPU
		{69B92A07-F64E-4AFC-BF46-2897D9CE8E1D}.Release|x86.Build.0 = Release|Any CPU
		{4FA66EE1-CE7D-4DA2-ABC9-4DBC6A33E16C}.Debug|Any CPU.ActiveCfg = Debug|Any CPU
		{4FA66EE1-CE7D-4DA2-ABC9-4DBC6A33E16C}.Debug|Any CPU.Build.0 = Debug|Any CPU
		{4FA66EE1-CE7D-4DA2-ABC9-4DBC6A33E16C}.Debug|x64.ActiveCfg = Debug|Any CPU
		{4FA66EE1-CE7D-4DA2-ABC9-4DBC6A33E16C}.Debug|x64.Build.0 = Debug|Any CPU
		{4FA66EE1-CE7D-4DA2-ABC9-4DBC6A33E16C}.Debug|x86.ActiveCfg = Debug|Any CPU
		{4FA66EE1-CE7D-4DA2-ABC9-4DBC6A33E16C}.Debug|x86.Build.0 = Debug|Any CPU
		{4FA66EE1-CE7D-4DA2-ABC9-4DBC6A33E16C}.Release|Any CPU.ActiveCfg = Release|Any CPU
		{4FA66EE1-CE7D-4DA2-ABC9-4DBC6A33E16C}.Release|Any CPU.Build.0 = Release|Any CPU
		{4FA66EE1-CE7D-4DA2-ABC9-4DBC6A33E16C}.Release|x64.ActiveCfg = Release|Any CPU
		{4FA66EE1-CE7D-4DA2-ABC9-4DBC6A33E16C}.Release|x64.Build.0 = Release|Any CPU
		{4FA66EE1-CE7D-4DA2-ABC9-4DBC6A33E16C}.Release|x86.ActiveCfg = Release|Any CPU
		{4FA66EE1-CE7D-4DA2-ABC9-4DBC6A33E16C}.Release|x86.Build.0 = Release|Any CPU
	EndGlobalSection
EndGlobal
