
Microsoft Visual Studio Solution File, Format Version 12.00
# Visual Studio 15
VisualStudioVersion = 15.0.26124.0
MinimumVisualStudioVersion = 15.0.26124.0
Project("{FAE04EC0-301F-11D3-BF4B-00C04F79EFBC}") = "TestCommon", "..\TestCommon\TestCommon.csproj", "{D64A77C2-D2B0-412A-B5B2-9DD33BF76F29}"
EndProject
Project("{FAE04EC0-301F-11D3-BF4B-00C04F79EFBC}") = "E2", "E2\E2.csproj", "{86E93CEC-F4A5-49BC-9D49-DEB87528D196}"
EndProject
Project("{FAE04EC0-301F-11D3-BF4B-00C04F79EFBC}") = "E2.Tests", "E2.Tests\E2.Tests.csproj", "{C0EA3AF5-AEB5-4C49-948C-D9C0A29FDFA7}"
EndProject
Global
	GlobalSection(SolutionConfigurationPlatforms) = preSolution
		Debug|Any CPU = Debug|Any CPU
		Debug|x64 = Debug|x64
		Debug|x86 = Debug|x86
		Release|Any CPU = Release|Any CPU
		Release|x64 = Release|x64
		Release|x86 = Release|x86
	EndGlobalSection
	GlobalSection(SolutionProperties) = preSolution
		HideSolutionNode = FALSE
	EndGlobalSection
	GlobalSection(ProjectConfigurationPlatforms) = postSolution
		{D64A77C2-D2B0-412A-B5B2-9DD33BF76F29}.Debug|Any CPU.ActiveCfg = Debug|Any CPU
		{D64A77C2-D2B0-412A-B5B2-9DD33BF76F29}.Debug|Any CPU.Build.0 = Debug|Any CPU
		{D64A77C2-D2B0-412A-B5B2-9DD33BF76F29}.Debug|x64.ActiveCfg = Debug|Any CPU
		{D64A77C2-D2B0-412A-B5B2-9DD33BF76F29}.Debug|x64.Build.0 = Debug|Any CPU
		{D64A77C2-D2B0-412A-B5B2-9DD33BF76F29}.Debug|x86.ActiveCfg = Debug|Any CPU
		{D64A77C2-D2B0-412A-B5B2-9DD33BF76F29}.Debug|x86.Build.0 = Debug|Any CPU
		{D64A77C2-D2B0-412A-B5B2-9DD33BF76F29}.Release|Any CPU.ActiveCfg = Release|Any CPU
		{D64A77C2-D2B0-412A-B5B2-9DD33BF76F29}.Release|Any CPU.Build.0 = Release|Any CPU
		{D64A77C2-D2B0-412A-B5B2-9DD33BF76F29}.Release|x64.ActiveCfg = Release|Any CPU
		{D64A77C2-D2B0-412A-B5B2-9DD33BF76F29}.Release|x64.Build.0 = Release|Any CPU
		{D64A77C2-D2B0-412A-B5B2-9DD33BF76F29}.Release|x86.ActiveCfg = Release|Any CPU
		{D64A77C2-D2B0-412A-B5B2-9DD33BF76F29}.Release|x86.Build.0 = Release|Any CPU
		{86E93CEC-F4A5-49BC-9D49-DEB87528D196}.Debug|Any CPU.ActiveCfg = Debug|Any CPU
		{86E93CEC-F4A5-49BC-9D49-DEB87528D196}.Debug|Any CPU.Build.0 = Debug|Any CPU
		{86E93CEC-F4A5-49BC-9D49-DEB87528D196}.Debug|x64.ActiveCfg = Debug|Any CPU
		{86E93CEC-F4A5-49BC-9D49-DEB87528D196}.Debug|x64.Build.0 = Debug|Any CPU
		{86E93CEC-F4A5-49BC-9D49-DEB87528D196}.Debug|x86.ActiveCfg = Debug|Any CPU
		{86E93CEC-F4A5-49BC-9D49-DEB87528D196}.Debug|x86.Build.0 = Debug|Any CPU
		{86E93CEC-F4A5-49BC-9D49-DEB87528D196}.Release|Any CPU.ActiveCfg = Release|Any CPU
		{86E93CEC-F4A5-49BC-9D49-DEB87528D196}.Release|Any CPU.Build.0 = Release|Any CPU
		{86E93CEC-F4A5-49BC-9D49-DEB87528D196}.Release|x64.ActiveCfg = Release|Any CPU
		{86E93CEC-F4A5-49BC-9D49-DEB87528D196}.Release|x64.Build.0 = Release|Any CPU
		{86E93CEC-F4A5-49BC-9D49-DEB87528D196}.Release|x86.ActiveCfg = Release|Any CPU
		{86E93CEC-F4A5-49BC-9D49-DEB87528D196}.Release|x86.Build.0 = Release|Any CPU
		{C0EA3AF5-AEB5-4C49-948C-D9C0A29FDFA7}.Debug|Any CPU.ActiveCfg = Debug|Any CPU
		{C0EA3AF5-AEB5-4C49-948C-D9C0A29FDFA7}.Debug|Any CPU.Build.0 = Debug|Any CPU
		{C0EA3AF5-AEB5-4C49-948C-D9C0A29FDFA7}.Debug|x64.ActiveCfg = Debug|Any CPU
		{C0EA3AF5-AEB5-4C49-948C-D9C0A29FDFA7}.Debug|x64.Build.0 = Debug|Any CPU
		{C0EA3AF5-AEB5-4C49-948C-D9C0A29FDFA7}.Debug|x86.ActiveCfg = Debug|Any CPU
		{C0EA3AF5-AEB5-4C49-948C-D9C0A29FDFA7}.Debug|x86.Build.0 = Debug|Any CPU
		{C0EA3AF5-AEB5-4C49-948C-D9C0A29FDFA7}.Release|Any CPU.ActiveCfg = Release|Any CPU
		{C0EA3AF5-AEB5-4C49-948C-D9C0A29FDFA7}.Release|Any CPU.Build.0 = Release|Any CPU
		{C0EA3AF5-AEB5-4C49-948C-D9C0A29FDFA7}.Release|x64.ActiveCfg = Release|Any CPU
		{C0EA3AF5-AEB5-4C49-948C-D9C0A29FDFA7}.Release|x64.Build.0 = Release|Any CPU
		{C0EA3AF5-AEB5-4C49-948C-D9C0A29FDFA7}.Release|x86.ActiveCfg = Release|Any CPU
		{C0EA3AF5-AEB5-4C49-948C-D9C0A29FDFA7}.Release|x86.Build.0 = Release|Any CPU
	EndGlobalSection
EndGlobal
