
Microsoft Visual Studio Solution File, Format Version 12.00
# Visual Studio 15
VisualStudioVersion = 15.0.26124.0
MinimumVisualStudioVersion = 15.0.26124.0
Project("{FAE04EC0-301F-11D3-BF4B-00C04F79EFBC}") = "TestCommon", "..\TestCommon\TestCommon.csproj", "{BE3E922C-9CFA-4159-9576-364BFE4C12C8}"
EndProject
Project("{FAE04EC0-301F-11D3-BF4B-00C04F79EFBC}") = "A11", "A11\A11.csproj", "{0355F4AC-24E8-48A0-A51F-16E9143B5ACC}"
EndProject
Project("{FAE04EC0-301F-11D3-BF4B-00C04F79EFBC}") = "A11.Tests", "A11.Tests\A11.Tests.csproj", "{786E3E08-FDF5-42B1-8832-F62D54E3144D}"
EndProject
Global
	GlobalSection(SolutionConfigurationPlatforms) = preSolution
		Debug|Any CPU = Debug|Any CPU
		Debug|x64 = Debug|x64
		Debug|x86 = Debug|x86
		Release|Any CPU = Release|Any CPU
		Release|x64 = Release|x64
		Release|x86 = Release|x86
	EndGlobalSection
	GlobalSection(SolutionProperties) = preSolution
		HideSolutionNode = FALSE
	EndGlobalSection
	GlobalSection(ProjectConfigurationPlatforms) = postSolution
		{BE3E922C-9CFA-4159-9576-364BFE4C12C8}.Debug|Any CPU.ActiveCfg = Debug|Any CPU
		{BE3E922C-9CFA-4159-9576-364BFE4C12C8}.Debug|Any CPU.Build.0 = Debug|Any CPU
		{BE3E922C-9CFA-4159-9576-364BFE4C12C8}.Debug|x64.ActiveCfg = Debug|Any CPU
		{BE3E922C-9CFA-4159-9576-364BFE4C12C8}.Debug|x64.Build.0 = Debug|Any CPU
		{BE3E922C-9CFA-4159-9576-364BFE4C12C8}.Debug|x86.ActiveCfg = Debug|Any CPU
		{BE3E922C-9CFA-4159-9576-364BFE4C12C8}.Debug|x86.Build.0 = Debug|Any CPU
		{BE3E922C-9CFA-4159-9576-364BFE4C12C8}.Release|Any CPU.ActiveCfg = Release|Any CPU
		{BE3E922C-9CFA-4159-9576-364BFE4C12C8}.Release|Any CPU.Build.0 = Release|Any CPU
		{BE3E922C-9CFA-4159-9576-364BFE4C12C8}.Release|x64.ActiveCfg = Release|Any CPU
		{BE3E922C-9CFA-4159-9576-364BFE4C12C8}.Release|x64.Build.0 = Release|Any CPU
		{BE3E922C-9CFA-4159-9576-364BFE4C12C8}.Release|x86.ActiveCfg = Release|Any CPU
		{BE3E922C-9CFA-4159-9576-364BFE4C12C8}.Release|x86.Build.0 = Release|Any CPU
		{0355F4AC-24E8-48A0-A51F-16E9143B5ACC}.Debug|Any CPU.ActiveCfg = Debug|Any CPU
		{0355F4AC-24E8-48A0-A51F-16E9143B5ACC}.Debug|Any CPU.Build.0 = Debug|Any CPU
		{0355F4AC-24E8-48A0-A51F-16E9143B5ACC}.Debug|x64.ActiveCfg = Debug|Any CPU
		{0355F4AC-24E8-48A0-A51F-16E9143B5ACC}.Debug|x64.Build.0 = Debug|Any CPU
		{0355F4AC-24E8-48A0-A51F-16E9143B5ACC}.Debug|x86.ActiveCfg = Debug|Any CPU
		{0355F4AC-24E8-48A0-A51F-16E9143B5ACC}.Debug|x86.Build.0 = Debug|Any CPU
		{0355F4AC-24E8-48A0-A51F-16E9143B5ACC}.Release|Any CPU.ActiveCfg = Release|Any CPU
		{0355F4AC-24E8-48A0-A51F-16E9143B5ACC}.Release|Any CPU.Build.0 = Release|Any CPU
		{0355F4AC-24E8-48A0-A51F-16E9143B5ACC}.Release|x64.ActiveCfg = Release|Any CPU
		{0355F4AC-24E8-48A0-A51F-16E9143B5ACC}.Release|x64.Build.0 = Release|Any CPU
		{0355F4AC-24E8-48A0-A51F-16E9143B5ACC}.Release|x86.ActiveCfg = Release|Any CPU
		{0355F4AC-24E8-48A0-A51F-16E9143B5ACC}.Release|x86.Build.0 = Release|Any CPU
		{786E3E08-FDF5-42B1-8832-F62D54E3144D}.Debug|Any CPU.ActiveCfg = Debug|Any CPU
		{786E3E08-FDF5-42B1-8832-F62D54E3144D}.Debug|Any CPU.Build.0 = Debug|Any CPU
		{786E3E08-FDF5-42B1-8832-F62D54E3144D}.Debug|x64.ActiveCfg = Debug|Any CPU
		{786E3E08-FDF5-42B1-8832-F62D54E3144D}.Debug|x64.Build.0 = Debug|Any CPU
		{786E3E08-FDF5-42B1-8832-F62D54E3144D}.Debug|x86.ActiveCfg = Debug|Any CPU
		{786E3E08-FDF5-42B1-8832-F62D54E3144D}.Debug|x86.Build.0 = Debug|Any CPU
		{786E3E08-FDF5-42B1-8832-F62D54E3144D}.Release|Any CPU.ActiveCfg = Release|Any CPU
		{786E3E08-FDF5-42B1-8832-F62D54E3144D}.Release|Any CPU.Build.0 = Release|Any CPU
		{786E3E08-FDF5-42B1-8832-F62D54E3144D}.Release|x64.ActiveCfg = Release|Any CPU
		{786E3E08-FDF5-42B1-8832-F62D54E3144D}.Release|x64.Build.0 = Release|Any CPU
		{786E3E08-FDF5-42B1-8832-F62D54E3144D}.Release|x86.ActiveCfg = Release|Any CPU
		{786E3E08-FDF5-42B1-8832-F62D54E3144D}.Release|x86.Build.0 = Release|Any CPU
	EndGlobalSection
EndGlobal
