
Microsoft Visual Studio Solution File, Format Version 12.00
# Visual Studio 15
VisualStudioVersion = 15.0.26124.0
MinimumVisualStudioVersion = 15.0.26124.0
Project("{FAE04EC0-301F-11D3-BF4B-00C04F79EFBC}") = "TestCommon", "..\TestCommon\TestCommon.csproj", "{B2D032D2-6628-467D-BE51-1D9308235A6C}"
EndProject
Project("{FAE04EC0-301F-11D3-BF4B-00C04F79EFBC}") = "A3", "A3\A3.csproj", "{1932CCC0-DF04-4F6B-81C0-20AD82ADE164}"
EndProject
Project("{FAE04EC0-301F-11D3-BF4B-00C04F79EFBC}") = "A3.Tests", "A3.Tests\A3.Tests.csproj", "{ACED3DAE-E2D6-4635-9834-D50584CD5F68}"
EndProject
Global
	GlobalSection(SolutionConfigurationPlatforms) = preSolution
		Debug|Any CPU = Debug|Any CPU
		Debug|x64 = Debug|x64
		Debug|x86 = Debug|x86
		Release|Any CPU = Release|Any CPU
		Release|x64 = Release|x64
		Release|x86 = Release|x86
	EndGlobalSection
	GlobalSection(SolutionProperties) = preSolution
		HideSolutionNode = FALSE
	EndGlobalSection
	GlobalSection(ProjectConfigurationPlatforms) = postSolution
		{B2D032D2-6628-467D-BE51-1D9308235A6C}.Debug|Any CPU.ActiveCfg = Debug|Any CPU
		{B2D032D2-6628-467D-BE51-1D9308235A6C}.Debug|Any CPU.Build.0 = Debug|Any CPU
		{B2D032D2-6628-467D-BE51-1D9308235A6C}.Debug|x64.ActiveCfg = Debug|Any CPU
		{B2D032D2-6628-467D-BE51-1D9308235A6C}.Debug|x64.Build.0 = Debug|Any CPU
		{B2D032D2-6628-467D-BE51-1D9308235A6C}.Debug|x86.ActiveCfg = Debug|Any CPU
		{B2D032D2-6628-467D-BE51-1D9308235A6C}.Debug|x86.Build.0 = Debug|Any CPU
		{B2D032D2-6628-467D-BE51-1D9308235A6C}.Release|Any CPU.ActiveCfg = Release|Any CPU
		{B2D032D2-6628-467D-BE51-1D9308235A6C}.Release|Any CPU.Build.0 = Release|Any CPU
		{B2D032D2-6628-467D-BE51-1D9308235A6C}.Release|x64.ActiveCfg = Release|Any CPU
		{B2D032D2-6628-467D-BE51-1D9308235A6C}.Release|x64.Build.0 = Release|Any CPU
		{B2D032D2-6628-467D-BE51-1D9308235A6C}.Release|x86.ActiveCfg = Release|Any CPU
		{B2D032D2-6628-467D-BE51-1D9308235A6C}.Release|x86.Build.0 = Release|Any CPU
		{1932CCC0-DF04-4F6B-81C0-20AD82ADE164}.Debug|Any CPU.ActiveCfg = Debug|Any CPU
		{1932CCC0-DF04-4F6B-81C0-20AD82ADE164}.Debug|Any CPU.Build.0 = Debug|Any CPU
		{1932CCC0-DF04-4F6B-81C0-20AD82ADE164}.Debug|x64.ActiveCfg = Debug|Any CPU
		{1932CCC0-DF04-4F6B-81C0-20AD82ADE164}.Debug|x64.Build.0 = Debug|Any CPU
		{1932CCC0-DF04-4F6B-81C0-20AD82ADE164}.Debug|x86.ActiveCfg = Debug|Any CPU
		{1932CCC0-DF04-4F6B-81C0-20AD82ADE164}.Debug|x86.Build.0 = Debug|Any CPU
		{1932CCC0-DF04-4F6B-81C0-20AD82ADE164}.Release|Any CPU.ActiveCfg = Release|Any CPU
		{1932CCC0-DF04-4F6B-81C0-20AD82ADE164}.Release|Any CPU.Build.0 = Release|Any CPU
		{1932CCC0-DF04-4F6B-81C0-20AD82ADE164}.Release|x64.ActiveCfg = Release|Any CPU
		{1932CCC0-DF04-4F6B-81C0-20AD82ADE164}.Release|x64.Build.0 = Release|Any CPU
		{1932CCC0-DF04-4F6B-81C0-20AD82ADE164}.Release|x86.ActiveCfg = Release|Any CPU
		{1932CCC0-DF04-4F6B-81C0-20AD82ADE164}.Release|x86.Build.0 = Release|Any CPU
		{ACED3DAE-E2D6-4635-9834-D50584CD5F68}.Debug|Any CPU.ActiveCfg = Debug|Any CPU
		{ACED3DAE-E2D6-4635-9834-D50584CD5F68}.Debug|Any CPU.Build.0 = Debug|Any CPU
		{ACED3DAE-E2D6-4635-9834-D50584CD5F68}.Debug|x64.ActiveCfg = Debug|Any CPU
		{ACED3DAE-E2D6-4635-9834-D50584CD5F68}.Debug|x64.Build.0 = Debug|Any CPU
		{ACED3DAE-E2D6-4635-9834-D50584CD5F68}.Debug|x86.ActiveCfg = Debug|Any CPU
		{ACED3DAE-E2D6-4635-9834-D50584CD5F68}.Debug|x86.Build.0 = Debug|Any CPU
		{ACED3DAE-E2D6-4635-9834-D50584CD5F68}.Release|Any CPU.ActiveCfg = Release|Any CPU
		{ACED3DAE-E2D6-4635-9834-D50584CD5F68}.Release|Any CPU.Build.0 = Release|Any CPU
		{ACED3DAE-E2D6-4635-9834-D50584CD5F68}.Release|x64.ActiveCfg = Release|Any CPU
		{ACED3DAE-E2D6-4635-9834-D50584CD5F68}.Release|x64.Build.0 = Release|Any CPU
		{ACED3DAE-E2D6-4635-9834-D50584CD5F68}.Release|x86.ActiveCfg = Release|Any CPU
		{ACED3DAE-E2D6-4635-9834-D50584CD5F68}.Release|x86.Build.0 = Release|Any CPU
	EndGlobalSection
EndGlobal
