
Microsoft Visual Studio Solution File, Format Version 12.00
# Visual Studio 15
VisualStudioVersion = 15.0.26124.0
MinimumVisualStudioVersion = 15.0.26124.0
Project("{FAE04EC0-301F-11D3-BF4B-00C04F79EFBC}") = "TestCommon", "..\TestCommon\TestCommon.csproj", "{48750C46-ED61-43FE-AF10-962540002309}"
EndProject
Project("{FAE04EC0-301F-11D3-BF4B-00C04F79EFBC}") = "C3", "C3\C3.csproj", "{4ED861B8-6F39-42B8-9202-07A8C7DF39B8}"
EndProject
Project("{FAE04EC0-301F-11D3-BF4B-00C04F79EFBC}") = "C3.Tests", "C3.Tests\C3.Tests.csproj", "{3968A7A6-0C62-463E-B363-F6A94E142342}"
EndProject
Global
	GlobalSection(SolutionConfigurationPlatforms) = preSolution
		Debug|Any CPU = Debug|Any CPU
		Debug|x64 = Debug|x64
		Debug|x86 = Debug|x86
		Release|Any CPU = Release|Any CPU
		Release|x64 = Release|x64
		Release|x86 = Release|x86
	EndGlobalSection
	GlobalSection(SolutionProperties) = preSolution
		HideSolutionNode = FALSE
	EndGlobalSection
	GlobalSection(ProjectConfigurationPlatforms) = postSolution
		{48750C46-ED61-43FE-AF10-962540002309}.Debug|Any CPU.ActiveCfg = Debug|Any CPU
		{48750C46-ED61-43FE-AF10-962540002309}.Debug|Any CPU.Build.0 = Debug|Any CPU
		{48750C46-ED61-43FE-AF10-962540002309}.Debug|x64.ActiveCfg = Debug|Any CPU
		{48750C46-ED61-43FE-AF10-962540002309}.Debug|x64.Build.0 = Debug|Any CPU
		{48750C46-ED61-43FE-AF10-962540002309}.Debug|x86.ActiveCfg = Debug|Any CPU
		{48750C46-ED61-43FE-AF10-962540002309}.Debug|x86.Build.0 = Debug|Any CPU
		{48750C46-ED61-43FE-AF10-962540002309}.Release|Any CPU.ActiveCfg = Release|Any CPU
		{48750C46-ED61-43FE-AF10-962540002309}.Release|Any CPU.Build.0 = Release|Any CPU
		{48750C46-ED61-43FE-AF10-962540002309}.Release|x64.ActiveCfg = Release|Any CPU
		{48750C46-ED61-43FE-AF10-962540002309}.Release|x64.Build.0 = Release|Any CPU
		{48750C46-ED61-43FE-AF10-962540002309}.Release|x86.ActiveCfg = Release|Any CPU
		{48750C46-ED61-43FE-AF10-962540002309}.Release|x86.Build.0 = Release|Any CPU
		{4ED861B8-6F39-42B8-9202-07A8C7DF39B8}.Debug|Any CPU.ActiveCfg = Debug|Any CPU
		{4ED861B8-6F39-42B8-9202-07A8C7DF39B8}.Debug|Any CPU.Build.0 = Debug|Any CPU
		{4ED861B8-6F39-42B8-9202-07A8C7DF39B8}.Debug|x64.ActiveCfg = Debug|Any CPU
		{4ED861B8-6F39-42B8-9202-07A8C7DF39B8}.Debug|x64.Build.0 = Debug|Any CPU
		{4ED861B8-6F39-42B8-9202-07A8C7DF39B8}.Debug|x86.ActiveCfg = Debug|Any CPU
		{4ED861B8-6F39-42B8-9202-07A8C7DF39B8}.Debug|x86.Build.0 = Debug|Any CPU
		{4ED861B8-6F39-42B8-9202-07A8C7DF39B8}.Release|Any CPU.ActiveCfg = Release|Any CPU
		{4ED861B8-6F39-42B8-9202-07A8C7DF39B8}.Release|Any CPU.Build.0 = Release|Any CPU
		{4ED861B8-6F39-42B8-9202-07A8C7DF39B8}.Release|x64.ActiveCfg = Release|Any CPU
		{4ED861B8-6F39-42B8-9202-07A8C7DF39B8}.Release|x64.Build.0 = Release|Any CPU
		{4ED861B8-6F39-42B8-9202-07A8C7DF39B8}.Release|x86.ActiveCfg = Release|Any CPU
		{4ED861B8-6F39-42B8-9202-07A8C7DF39B8}.Release|x86.Build.0 = Release|Any CPU
		{3968A7A6-0C62-463E-B363-F6A94E142342}.Debug|Any CPU.ActiveCfg = Debug|Any CPU
		{3968A7A6-0C62-463E-B363-F6A94E142342}.Debug|Any CPU.Build.0 = Debug|Any CPU
		{3968A7A6-0C62-463E-B363-F6A94E142342}.Debug|x64.ActiveCfg = Debug|Any CPU
		{3968A7A6-0C62-463E-B363-F6A94E142342}.Debug|x64.Build.0 = Debug|Any CPU
		{3968A7A6-0C62-463E-B363-F6A94E142342}.Debug|x86.ActiveCfg = Debug|Any CPU
		{3968A7A6-0C62-463E-B363-F6A94E142342}.Debug|x86.Build.0 = Debug|Any CPU
		{3968A7A6-0C62-463E-B363-F6A94E142342}.Release|Any CPU.ActiveCfg = Release|Any CPU
		{3968A7A6-0C62-463E-B363-F6A94E142342}.Release|Any CPU.Build.0 = Release|Any CPU
		{3968A7A6-0C62-463E-B363-F6A94E142342}.Release|x64.ActiveCfg = Release|Any CPU
		{3968A7A6-0C62-463E-B363-F6A94E142342}.Release|x64.Build.0 = Release|Any CPU
		{3968A7A6-0C62-463E-B363-F6A94E142342}.Release|x86.ActiveCfg = Release|Any CPU
		{3968A7A6-0C62-463E-B363-F6A94E142342}.Release|x86.Build.0 = Release|Any CPU
	EndGlobalSection
EndGlobal
